// !$*UTF8*$!
{
	archiveVersion = 1;
	classes = {
	};
	objectVersion = 56;
	objects = {

/* Begin PBXBuildFile section */
		D512E9A32988A33D007B0D2F /* AppDelegate.swift in Sources */ = {isa = PBXBuildFile; fileRef = D512E9A22988A33D007B0D2F /* AppDelegate.swift */; };
		D512E9A52988A33D007B0D2F /* SceneDelegate.swift in Sources */ = {isa = PBXBuildFile; fileRef = D512E9A42988A33D007B0D2F /* SceneDelegate.swift */; };
		D512E9AC2988A33E007B0D2F /* Assets.xcassets in Resources */ = {isa = PBXBuildFile; fileRef = D512E9AB2988A33E007B0D2F /* Assets.xcassets */; };
		D512E9AF2988A33E007B0D2F /* LaunchScreen.storyboard in Resources */ = {isa = PBXBuildFile; fileRef = D512E9AD2988A33E007B0D2F /* LaunchScreen.storyboard */; };
		D512E9B72988A468007B0D2F /* SignUpViewController.swift in Sources */ = {isa = PBXBuildFile; fileRef = D512E9B62988A468007B0D2F /* SignUpViewController.swift */; };
		D512E9B92988A480007B0D2F /* LoginViewController.swift in Sources */ = {isa = PBXBuildFile; fileRef = D512E9B82988A480007B0D2F /* LoginViewController.swift */; };
		D512E9C12988AB27007B0D2F /* FirebaseAuth in Frameworks */ = {isa = PBXBuildFile; productRef = D512E9C02988AB27007B0D2F /* FirebaseAuth */; };
		D512E9C32988AB27007B0D2F /* FirebaseFirestore in Frameworks */ = {isa = PBXBuildFile; productRef = D512E9C22988AB27007B0D2F /* FirebaseFirestore */; };
		D512E9C52988C02A007B0D2F /* Constants.swift in Sources */ = {isa = PBXBuildFile; fileRef = D512E9C42988C02A007B0D2F /* Constants.swift */; };
		D512E9CC2988E1C5007B0D2F /* Shoe.swift in Sources */ = {isa = PBXBuildFile; fileRef = D512E9CB2988E1C5007B0D2F /* Shoe.swift */; };
		D512E9CE2988E229007B0D2F /* User.swift in Sources */ = {isa = PBXBuildFile; fileRef = D512E9CD2988E229007B0D2F /* User.swift */; };
		D512E9D02988E67E007B0D2F /* HistoricalStep.swift in Sources */ = {isa = PBXBuildFile; fileRef = D512E9CF2988E67E007B0D2F /* HistoricalStep.swift */; };
		D530770929B7BC8700076184 /* UpdateViewController.swift in Sources */ = {isa = PBXBuildFile; fileRef = D530770829B7BC8700076184 /* UpdateViewController.swift */; };
		D53A7FC22991EDBA000220B9 /* ShoeListCollectionViewCell.swift in Sources */ = {isa = PBXBuildFile; fileRef = D53A7FC02991EDBA000220B9 /* ShoeListCollectionViewCell.swift */; };
		D53A7FC32991EDBA000220B9 /* ShoeListCollectionViewCell.xib in Resources */ = {isa = PBXBuildFile; fileRef = D53A7FC12991EDBA000220B9 /* ShoeListCollectionViewCell.xib */; };
		D53A7FC52991EE8D000220B9 /* ShoeStoreViewController.swift in Sources */ = {isa = PBXBuildFile; fileRef = D53A7FC42991EE8D000220B9 /* ShoeStoreViewController.swift */; };
		D5631F9B29A6B799007E4678 /* goal_predictor.mlmodel in Sources */ = {isa = PBXBuildFile; fileRef = D5631F9A29A6B799007E4678 /* goal_predictor.mlmodel */; };
		D5631F9D29A6B842007E4678 /* GoalPredictManager.swift in Sources */ = {isa = PBXBuildFile; fileRef = D5631F9C29A6B842007E4678 /* GoalPredictManager.swift */; };
		D5631F9F29A70958007E4678 /* alert_predictor.mlmodel in Sources */ = {isa = PBXBuildFile; fileRef = D5631F9E29A70958007E4678 /* alert_predictor.mlmodel */; };
		D5631FA129A70C3B007E4678 /* AlertPredictManager.swift in Sources */ = {isa = PBXBuildFile; fileRef = D5631FA029A70C3B007E4678 /* AlertPredictManager.swift */; };
		D566373129A8251800DE1B21 /* RoundedWhiteButton.swift in Sources */ = {isa = PBXBuildFile; fileRef = D566373029A8251800DE1B21 /* RoundedWhiteButton.swift */; };
		D566373329A825B200DE1B21 /* MainMenuViewController.swift in Sources */ = {isa = PBXBuildFile; fileRef = D566373229A825B200DE1B21 /* MainMenuViewController.swift */; };
		D566373529A847D400DE1B21 /* FirebaseStorage in Frameworks */ = {isa = PBXBuildFile; productRef = D566373429A847D400DE1B21 /* FirebaseStorage */; };
		D570FB3D29E4BEC4001157BA /* DietaryFilterViewController.swift in Sources */ = {isa = PBXBuildFile; fileRef = D570FB3C29E4BEC4001157BA /* DietaryFilterViewController.swift */; };
		D570FB3F29E4DDA2001157BA /* DietFilter.swift in Sources */ = {isa = PBXBuildFile; fileRef = D570FB3E29E4DDA2001157BA /* DietFilter.swift */; };
		D597DF792996DFA100DF4D13 /* Main.storyboard in Resources */ = {isa = PBXBuildFile; fileRef = D597DF782996DFA100DF4D13 /* Main.storyboard */; };
		D597DF7B29976A4D00DF4D13 /* CoreLocation.framework in Frameworks */ = {isa = PBXBuildFile; fileRef = D597DF7A29976A4D00DF4D13 /* CoreLocation.framework */; };
		D597DF7E29976CCA00DF4D13 /* TrackRunViewController.swift in Sources */ = {isa = PBXBuildFile; fileRef = D597DF7D29976CCA00DF4D13 /* TrackRunViewController.swift */; };
		D597DF802997713F00DF4D13 /* Annotation.swift in Sources */ = {isa = PBXBuildFile; fileRef = D597DF7F2997713F00DF4D13 /* Annotation.swift */; };
		D597DF8429984B1300DF4D13 /* StepCounter.swift in Sources */ = {isa = PBXBuildFile; fileRef = D597DF8329984B1300DF4D13 /* StepCounter.swift */; };
		D597DF87299EF53D00DF4D13 /* ProfileTableViewCell.swift in Sources */ = {isa = PBXBuildFile; fileRef = D597DF86299EF53D00DF4D13 /* ProfileTableViewCell.swift */; };
		D597DF8929A2C0B500DF4D13 /* Bonus.swift in Sources */ = {isa = PBXBuildFile; fileRef = D597DF8829A2C0B500DF4D13 /* Bonus.swift */; };
		D5A3C37D298B1BA700772D1B /* MainPageViewController.swift in Sources */ = {isa = PBXBuildFile; fileRef = D5A3C37C298B1BA700772D1B /* MainPageViewController.swift */; };
		D5A3C37F298B1BC300772D1B /* HistoricalStepViewController.swift in Sources */ = {isa = PBXBuildFile; fileRef = D5A3C37E298B1BC300772D1B /* HistoricalStepViewController.swift */; };
		D5A3C381298B1BE000772D1B /* ProfileViewController.swift in Sources */ = {isa = PBXBuildFile; fileRef = D5A3C380298B1BE000772D1B /* ProfileViewController.swift */; };
		D5A3C387298B30D000772D1B /* DatabaseManager.swift in Sources */ = {isa = PBXBuildFile; fileRef = D5A3C386298B30CF00772D1B /* DatabaseManager.swift */; };
		D5A3C389298B316900772D1B /* AuthManager.swift in Sources */ = {isa = PBXBuildFile; fileRef = D5A3C388298B316900772D1B /* AuthManager.swift */; };
		D5A3C38B298B35E500772D1B /* UIExtension.swift in Sources */ = {isa = PBXBuildFile; fileRef = D5A3C38A298B35E500772D1B /* UIExtension.swift */; };
		D5A3C38E298B8B8900772D1B /* FirebaseDatabase in Frameworks */ = {isa = PBXBuildFile; productRef = D5A3C38D298B8B8900772D1B /* FirebaseDatabase */; };
		D5A3C391298C12B600772D1B /* CollectInformationViewController.swift in Sources */ = {isa = PBXBuildFile; fileRef = D5A3C390298C12B600772D1B /* CollectInformationViewController.swift */; };
		D5A3C398298C902E00772D1B /* HealthKitManager.swift in Sources */ = {isa = PBXBuildFile; fileRef = D5A3C397298C902E00772D1B /* HealthKitManager.swift */; };
		D5A3C3AD298CC6C600772D1B /* Charts in Frameworks */ = {isa = PBXBuildFile; productRef = D5A3C3AC298CC6C600772D1B /* Charts */; };
		D5A93D262996014200E12217 /* PopUpModalViewController.swift in Sources */ = {isa = PBXBuildFile; fileRef = D5A93D252996014200E12217 /* PopUpModalViewController.swift */; };
		D5A93D29299602BA00E12217 /* PopUpModalCollectionViewCell.swift in Sources */ = {isa = PBXBuildFile; fileRef = D5A93D27299602BA00E12217 /* PopUpModalCollectionViewCell.swift */; };
		D5A93D2A299602BA00E12217 /* PopUpModalCollectionViewCell.xib in Resources */ = {isa = PBXBuildFile; fileRef = D5A93D28299602BA00E12217 /* PopUpModalCollectionViewCell.xib */; };
		D5AD2B3B29B31CE0005CB1EB /* ProfileUserInfo.swift in Sources */ = {isa = PBXBuildFile; fileRef = D5AD2B3A29B31CE0005CB1EB /* ProfileUserInfo.swift */; };
		D5AD2B4129B542C1005CB1EB /* CountDownViewController.swift in Sources */ = {isa = PBXBuildFile; fileRef = D5AD2B4029B542C1005CB1EB /* CountDownViewController.swift */; };
		D5AD2B5229B5C2A7005CB1EB /* SaveRunViewController.swift in Sources */ = {isa = PBXBuildFile; fileRef = D5AD2B5129B5C2A7005CB1EB /* SaveRunViewController.swift */; };
		D5AD2B5429B5E16B005CB1EB /* WalkHist.swift in Sources */ = {isa = PBXBuildFile; fileRef = D5AD2B5329B5E16B005CB1EB /* WalkHist.swift */; };
		D5AD2B5629B5ED9F005CB1EB /* WalkHistViewController.swift in Sources */ = {isa = PBXBuildFile; fileRef = D5AD2B5529B5ED9F005CB1EB /* WalkHistViewController.swift */; };
		D5AD2B5929B5EFB7005CB1EB /* WalkHistCollectionViewCell.swift in Sources */ = {isa = PBXBuildFile; fileRef = D5AD2B5729B5EFB7005CB1EB /* WalkHistCollectionViewCell.swift */; };
		D5AD2B5A29B5EFB7005CB1EB /* WalkHistCollectionViewCell.xib in Resources */ = {isa = PBXBuildFile; fileRef = D5AD2B5829B5EFB7005CB1EB /* WalkHistCollectionViewCell.xib */; };
		D5B5E20329C1583D009782DF /* CalendarViewController.swift in Sources */ = {isa = PBXBuildFile; fileRef = D5B5E20229C1583D009782DF /* CalendarViewController.swift */; };
		D5B5E20529C170EA009782DF /* GoogleService-Info.plist in Resources */ = {isa = PBXBuildFile; fileRef = D5B5E20429C170EA009782DF /* GoogleService-Info.plist */; };
		D5B5E20829C17EB4009782DF /* FSCalendar in Frameworks */ = {isa = PBXBuildFile; productRef = D5B5E20729C17EB4009782DF /* FSCalendar */; };
		D5B5E20B29D37F64009782DF /* SideMenu in Frameworks */ = {isa = PBXBuildFile; productRef = D5B5E20A29D37F64009782DF /* SideMenu */; };
		D5B5E20D29D39260009782DF /* NutritionalGuidanceViewController.swift in Sources */ = {isa = PBXBuildFile; fileRef = D5B5E20C29D39260009782DF /* NutritionalGuidanceViewController.swift */; };
		D5B5E21029D3C372009782DF /* CurrentSneakerViewController.swift in Sources */ = {isa = PBXBuildFile; fileRef = D5B5E20F29D3C372009782DF /* CurrentSneakerViewController.swift */; };
		D5BC397D29DAA90200FF3546 /* WaveView.swift in Sources */ = {isa = PBXBuildFile; fileRef = D5BC397C29DAA90200FF3546 /* WaveView.swift */; };
		D5BC398029DB9AE300FF3546 /* ChatgptApi.swift in Sources */ = {isa = PBXBuildFile; fileRef = D5BC397F29DB9AE300FF3546 /* ChatgptApi.swift */; };
		D5BC398329DBBC8700FF3546 /* ChatGPTSwift in Frameworks */ = {isa = PBXBuildFile; productRef = D5BC398229DBBC8700FF3546 /* ChatGPTSwift */; };
		D5BC398529DCF1A100FF3546 /* ImageApi.swift in Sources */ = {isa = PBXBuildFile; fileRef = D5BC398429DCF1A100FF3546 /* ImageApi.swift */; };
		D5BC398B29DCF71300FF3546 /* OpenAI in Frameworks */ = {isa = PBXBuildFile; productRef = D5BC398A29DCF71300FF3546 /* OpenAI */; };
		D5BC398F29DE20DC00FF3546 /* Meal.swift in Sources */ = {isa = PBXBuildFile; fileRef = D5BC398E29DE20DC00FF3546 /* Meal.swift */; };
		D5BC399229DE2D1D00FF3546 /* MealDetailViewController.swift in Sources */ = {isa = PBXBuildFile; fileRef = D5BC399129DE2D1D00FF3546 /* MealDetailViewController.swift */; };
		D5BC399429DF5BA800FF3546 /* ApiKey.swift in Sources */ = {isa = PBXBuildFile; fileRef = D5BC399329DF5BA800FF3546 /* ApiKey.swift */; };
		D5BC399629E3265600FF3546 /* MealHist.swift in Sources */ = {isa = PBXBuildFile; fileRef = D5BC399529E3265600FF3546 /* MealHist.swift */; };
		D5BC399929E3A3DA00FF3546 /* SwiftSpinner in Frameworks */ = {isa = PBXBuildFile; productRef = D5BC399829E3A3DA00FF3546 /* SwiftSpinner */; };
		D5BE8C5A2994781800ABA0D4 /* FirebaseFirestoreSwift in Frameworks */ = {isa = PBXBuildFile; productRef = D5BE8C592994781800ABA0D4 /* FirebaseFirestoreSwift */; };
		D5CA906929A95F1E00C53B7B /* Alert.swift in Sources */ = {isa = PBXBuildFile; fileRef = D5CA906829A95F1E00C53B7B /* Alert.swift */; };
		D5CA908029A9751F00C53B7B /* AlertViewController.swift in Sources */ = {isa = PBXBuildFile; fileRef = D5CA907F29A9751F00C53B7B /* AlertViewController.swift */; };
		D5CA908329A9753800C53B7B /* AlertCollectionViewCell.swift in Sources */ = {isa = PBXBuildFile; fileRef = D5CA908129A9753800C53B7B /* AlertCollectionViewCell.swift */; };
		D5CA908429A9753800C53B7B /* AlertCollectionViewCell.xib in Resources */ = {isa = PBXBuildFile; fileRef = D5CA908229A9753800C53B7B /* AlertCollectionViewCell.xib */; };
		D5CA908629ABEEA100C53B7B /* UpdateManager.swift in Sources */ = {isa = PBXBuildFile; fileRef = D5CA908529ABEEA100C53B7B /* UpdateManager.swift */; };
/* End PBXBuildFile section */

/* Begin PBXFileReference section */
		D512E99F2988A33D007B0D2F /* Walk2N.app */ = {isa = PBXFileReference; explicitFileType = wrapper.application; includeInIndex = 0; path = Walk2N.app; sourceTree = BUILT_PRODUCTS_DIR; };
		D512E9A22988A33D007B0D2F /* AppDelegate.swift */ = {isa = PBXFileReference; lastKnownFileType = sourcecode.swift; path = AppDelegate.swift; sourceTree = "<group>"; };
		D512E9A42988A33D007B0D2F /* SceneDelegate.swift */ = {isa = PBXFileReference; lastKnownFileType = sourcecode.swift; path = SceneDelegate.swift; sourceTree = "<group>"; };
		D512E9AB2988A33E007B0D2F /* Assets.xcassets */ = {isa = PBXFileReference; lastKnownFileType = folder.assetcatalog; path = Assets.xcassets; sourceTree = "<group>"; };
		D512E9AE2988A33E007B0D2F /* Base */ = {isa = PBXFileReference; lastKnownFileType = file.storyboard; name = Base; path = Base.lproj/LaunchScreen.storyboard; sourceTree = "<group>"; };
		D512E9B02988A33E007B0D2F /* Info.plist */ = {isa = PBXFileReference; lastKnownFileType = text.plist.xml; path = Info.plist; sourceTree = "<group>"; };
		D512E9B62988A468007B0D2F /* SignUpViewController.swift */ = {isa = PBXFileReference; lastKnownFileType = sourcecode.swift; path = SignUpViewController.swift; sourceTree = "<group>"; };
		D512E9B82988A480007B0D2F /* LoginViewController.swift */ = {isa = PBXFileReference; lastKnownFileType = sourcecode.swift; path = LoginViewController.swift; sourceTree = "<group>"; };
		D512E9C42988C02A007B0D2F /* Constants.swift */ = {isa = PBXFileReference; lastKnownFileType = sourcecode.swift; path = Constants.swift; sourceTree = "<group>"; };
		D512E9CB2988E1C5007B0D2F /* Shoe.swift */ = {isa = PBXFileReference; lastKnownFileType = sourcecode.swift; path = Shoe.swift; sourceTree = "<group>"; };
		D512E9CD2988E229007B0D2F /* User.swift */ = {isa = PBXFileReference; lastKnownFileType = sourcecode.swift; path = User.swift; sourceTree = "<group>"; };
		D512E9CF2988E67E007B0D2F /* HistoricalStep.swift */ = {isa = PBXFileReference; lastKnownFileType = sourcecode.swift; path = HistoricalStep.swift; sourceTree = "<group>"; };
		D530770829B7BC8700076184 /* UpdateViewController.swift */ = {isa = PBXFileReference; lastKnownFileType = sourcecode.swift; path = UpdateViewController.swift; sourceTree = "<group>"; };
		D53A7FC02991EDBA000220B9 /* ShoeListCollectionViewCell.swift */ = {isa = PBXFileReference; lastKnownFileType = sourcecode.swift; path = ShoeListCollectionViewCell.swift; sourceTree = "<group>"; };
		D53A7FC12991EDBA000220B9 /* ShoeListCollectionViewCell.xib */ = {isa = PBXFileReference; lastKnownFileType = file.xib; path = ShoeListCollectionViewCell.xib; sourceTree = "<group>"; };
		D53A7FC42991EE8D000220B9 /* ShoeStoreViewController.swift */ = {isa = PBXFileReference; lastKnownFileType = sourcecode.swift; path = ShoeStoreViewController.swift; sourceTree = "<group>"; };
		D5631F9A29A6B799007E4678 /* goal_predictor.mlmodel */ = {isa = PBXFileReference; lastKnownFileType = file.mlmodel; path = goal_predictor.mlmodel; sourceTree = "<group>"; };
		D5631F9C29A6B842007E4678 /* GoalPredictManager.swift */ = {isa = PBXFileReference; lastKnownFileType = sourcecode.swift; path = GoalPredictManager.swift; sourceTree = "<group>"; };
		D5631F9E29A70958007E4678 /* alert_predictor.mlmodel */ = {isa = PBXFileReference; lastKnownFileType = file.mlmodel; path = alert_predictor.mlmodel; sourceTree = "<group>"; };
		D5631FA029A70C3B007E4678 /* AlertPredictManager.swift */ = {isa = PBXFileReference; lastKnownFileType = sourcecode.swift; path = AlertPredictManager.swift; sourceTree = "<group>"; };
		D566373029A8251800DE1B21 /* RoundedWhiteButton.swift */ = {isa = PBXFileReference; lastKnownFileType = sourcecode.swift; path = RoundedWhiteButton.swift; sourceTree = "<group>"; };
		D566373229A825B200DE1B21 /* MainMenuViewController.swift */ = {isa = PBXFileReference; lastKnownFileType = sourcecode.swift; path = MainMenuViewController.swift; sourceTree = "<group>"; };
		D570FB3C29E4BEC4001157BA /* DietaryFilterViewController.swift */ = {isa = PBXFileReference; lastKnownFileType = sourcecode.swift; path = DietaryFilterViewController.swift; sourceTree = "<group>"; };
		D570FB3E29E4DDA2001157BA /* DietFilter.swift */ = {isa = PBXFileReference; lastKnownFileType = sourcecode.swift; path = DietFilter.swift; sourceTree = "<group>"; };
		D597DF782996DFA100DF4D13 /* Main.storyboard */ = {isa = PBXFileReference; fileEncoding = 4; lastKnownFileType = file.storyboard; name = Main.storyboard; path = ../../../../Main.storyboard; sourceTree = "<group>"; };
		D597DF7A29976A4D00DF4D13 /* CoreLocation.framework */ = {isa = PBXFileReference; lastKnownFileType = wrapper.framework; name = CoreLocation.framework; path = System/Library/Frameworks/CoreLocation.framework; sourceTree = SDKROOT; };
		D597DF7D29976CCA00DF4D13 /* TrackRunViewController.swift */ = {isa = PBXFileReference; lastKnownFileType = sourcecode.swift; path = TrackRunViewController.swift; sourceTree = "<group>"; };
		D597DF7F2997713F00DF4D13 /* Annotation.swift */ = {isa = PBXFileReference; lastKnownFileType = sourcecode.swift; path = Annotation.swift; sourceTree = "<group>"; };
		D597DF8329984B1300DF4D13 /* StepCounter.swift */ = {isa = PBXFileReference; lastKnownFileType = sourcecode.swift; path = StepCounter.swift; sourceTree = "<group>"; };
		D597DF86299EF53D00DF4D13 /* ProfileTableViewCell.swift */ = {isa = PBXFileReference; lastKnownFileType = sourcecode.swift; path = ProfileTableViewCell.swift; sourceTree = "<group>"; };
		D597DF8829A2C0B500DF4D13 /* Bonus.swift */ = {isa = PBXFileReference; lastKnownFileType = sourcecode.swift; path = Bonus.swift; sourceTree = "<group>"; };
		D5A3C37C298B1BA700772D1B /* MainPageViewController.swift */ = {isa = PBXFileReference; lastKnownFileType = sourcecode.swift; path = MainPageViewController.swift; sourceTree = "<group>"; };
		D5A3C37E298B1BC300772D1B /* HistoricalStepViewController.swift */ = {isa = PBXFileReference; lastKnownFileType = sourcecode.swift; path = HistoricalStepViewController.swift; sourceTree = "<group>"; };
		D5A3C380298B1BE000772D1B /* ProfileViewController.swift */ = {isa = PBXFileReference; lastKnownFileType = sourcecode.swift; path = ProfileViewController.swift; sourceTree = "<group>"; };
		D5A3C386298B30CF00772D1B /* DatabaseManager.swift */ = {isa = PBXFileReference; lastKnownFileType = sourcecode.swift; path = DatabaseManager.swift; sourceTree = "<group>"; };
		D5A3C388298B316900772D1B /* AuthManager.swift */ = {isa = PBXFileReference; lastKnownFileType = sourcecode.swift; path = AuthManager.swift; sourceTree = "<group>"; };
		D5A3C38A298B35E500772D1B /* UIExtension.swift */ = {isa = PBXFileReference; lastKnownFileType = sourcecode.swift; path = UIExtension.swift; sourceTree = "<group>"; };
		D5A3C390298C12B600772D1B /* CollectInformationViewController.swift */ = {isa = PBXFileReference; lastKnownFileType = sourcecode.swift; path = CollectInformationViewController.swift; sourceTree = "<group>"; };
		D5A3C396298C8F8E00772D1B /* Walk2N.entitlements */ = {isa = PBXFileReference; lastKnownFileType = text.plist.entitlements; path = Walk2N.entitlements; sourceTree = "<group>"; };
		D5A3C397298C902E00772D1B /* HealthKitManager.swift */ = {isa = PBXFileReference; lastKnownFileType = sourcecode.swift; path = HealthKitManager.swift; sourceTree = "<group>"; };
		D5A93D252996014200E12217 /* PopUpModalViewController.swift */ = {isa = PBXFileReference; lastKnownFileType = sourcecode.swift; path = PopUpModalViewController.swift; sourceTree = "<group>"; };
		D5A93D27299602BA00E12217 /* PopUpModalCollectionViewCell.swift */ = {isa = PBXFileReference; lastKnownFileType = sourcecode.swift; path = PopUpModalCollectionViewCell.swift; sourceTree = "<group>"; };
		D5A93D28299602BA00E12217 /* PopUpModalCollectionViewCell.xib */ = {isa = PBXFileReference; lastKnownFileType = file.xib; path = PopUpModalCollectionViewCell.xib; sourceTree = "<group>"; };
		D5AD2B3A29B31CE0005CB1EB /* ProfileUserInfo.swift */ = {isa = PBXFileReference; fileEncoding = 4; lastKnownFileType = sourcecode.swift; path = ProfileUserInfo.swift; sourceTree = "<group>"; };
		D5AD2B3E29B3EFC4005CB1EB /* walk2N.playground */ = {isa = PBXFileReference; lastKnownFileType = file.playground; path = walk2N.playground; sourceTree = "<group>"; };
		D5AD2B4029B542C1005CB1EB /* CountDownViewController.swift */ = {isa = PBXFileReference; lastKnownFileType = sourcecode.swift; path = CountDownViewController.swift; sourceTree = "<group>"; };
		D5AD2B5129B5C2A7005CB1EB /* SaveRunViewController.swift */ = {isa = PBXFileReference; lastKnownFileType = sourcecode.swift; path = SaveRunViewController.swift; sourceTree = "<group>"; };
		D5AD2B5329B5E16B005CB1EB /* WalkHist.swift */ = {isa = PBXFileReference; lastKnownFileType = sourcecode.swift; path = WalkHist.swift; sourceTree = "<group>"; };
		D5AD2B5529B5ED9F005CB1EB /* WalkHistViewController.swift */ = {isa = PBXFileReference; lastKnownFileType = sourcecode.swift; path = WalkHistViewController.swift; sourceTree = "<group>"; };
		D5AD2B5729B5EFB7005CB1EB /* WalkHistCollectionViewCell.swift */ = {isa = PBXFileReference; lastKnownFileType = sourcecode.swift; path = WalkHistCollectionViewCell.swift; sourceTree = "<group>"; };
		D5AD2B5829B5EFB7005CB1EB /* WalkHistCollectionViewCell.xib */ = {isa = PBXFileReference; lastKnownFileType = file.xib; path = WalkHistCollectionViewCell.xib; sourceTree = "<group>"; };
		D5B5E20229C1583D009782DF /* CalendarViewController.swift */ = {isa = PBXFileReference; lastKnownFileType = sourcecode.swift; path = CalendarViewController.swift; sourceTree = "<group>"; };
		D5B5E20429C170EA009782DF /* GoogleService-Info.plist */ = {isa = PBXFileReference; fileEncoding = 4; lastKnownFileType = text.plist.xml; path = "GoogleService-Info.plist"; sourceTree = "<group>"; };
		D5B5E20C29D39260009782DF /* NutritionalGuidanceViewController.swift */ = {isa = PBXFileReference; lastKnownFileType = sourcecode.swift; path = NutritionalGuidanceViewController.swift; sourceTree = "<group>"; };
		D5B5E20F29D3C372009782DF /* CurrentSneakerViewController.swift */ = {isa = PBXFileReference; lastKnownFileType = sourcecode.swift; path = CurrentSneakerViewController.swift; sourceTree = "<group>"; };
		D5BC397C29DAA90200FF3546 /* WaveView.swift */ = {isa = PBXFileReference; lastKnownFileType = sourcecode.swift; path = WaveView.swift; sourceTree = "<group>"; };
		D5BC397F29DB9AE300FF3546 /* ChatgptApi.swift */ = {isa = PBXFileReference; lastKnownFileType = sourcecode.swift; path = ChatgptApi.swift; sourceTree = "<group>"; };
		D5BC398429DCF1A100FF3546 /* ImageApi.swift */ = {isa = PBXFileReference; lastKnownFileType = sourcecode.swift; path = ImageApi.swift; sourceTree = "<group>"; };
		D5BC398E29DE20DC00FF3546 /* Meal.swift */ = {isa = PBXFileReference; lastKnownFileType = sourcecode.swift; path = Meal.swift; sourceTree = "<group>"; };
		D5BC399129DE2D1D00FF3546 /* MealDetailViewController.swift */ = {isa = PBXFileReference; lastKnownFileType = sourcecode.swift; path = MealDetailViewController.swift; sourceTree = "<group>"; };
		D5BC399329DF5BA800FF3546 /* ApiKey.swift */ = {isa = PBXFileReference; lastKnownFileType = sourcecode.swift; path = ApiKey.swift; sourceTree = "<group>"; };
		D5BC399529E3265600FF3546 /* MealHist.swift */ = {isa = PBXFileReference; lastKnownFileType = sourcecode.swift; path = MealHist.swift; sourceTree = "<group>"; };
		D5CA906829A95F1E00C53B7B /* Alert.swift */ = {isa = PBXFileReference; lastKnownFileType = sourcecode.swift; path = Alert.swift; sourceTree = "<group>"; };
		D5CA907F29A9751F00C53B7B /* AlertViewController.swift */ = {isa = PBXFileReference; lastKnownFileType = sourcecode.swift; path = AlertViewController.swift; sourceTree = "<group>"; };
		D5CA908129A9753800C53B7B /* AlertCollectionViewCell.swift */ = {isa = PBXFileReference; lastKnownFileType = sourcecode.swift; path = AlertCollectionViewCell.swift; sourceTree = "<group>"; };
		D5CA908229A9753800C53B7B /* AlertCollectionViewCell.xib */ = {isa = PBXFileReference; lastKnownFileType = file.xib; path = AlertCollectionViewCell.xib; sourceTree = "<group>"; };
		D5CA908529ABEEA100C53B7B /* UpdateManager.swift */ = {isa = PBXFileReference; lastKnownFileType = sourcecode.swift; path = UpdateManager.swift; sourceTree = "<group>"; };
/* End PBXFileReference section */

/* Begin PBXFrameworksBuildPhase section */
		D512E99C2988A33D007B0D2F /* Frameworks */ = {
			isa = PBXFrameworksBuildPhase;
			buildActionMask = 2147483647;
			files = (
				D597DF7B29976A4D00DF4D13 /* CoreLocation.framework in Frameworks */,
				D5BC398B29DCF71300FF3546 /* OpenAI in Frameworks */,
				D5BE8C5A2994781800ABA0D4 /* FirebaseFirestoreSwift in Frameworks */,
				D5A3C38E298B8B8900772D1B /* FirebaseDatabase in Frameworks */,
				D512E9C12988AB27007B0D2F /* FirebaseAuth in Frameworks */,
				D566373529A847D400DE1B21 /* FirebaseStorage in Frameworks */,
				D5B5E20829C17EB4009782DF /* FSCalendar in Frameworks */,
				D512E9C32988AB27007B0D2F /* FirebaseFirestore in Frameworks */,
				D5BC399929E3A3DA00FF3546 /* SwiftSpinner in Frameworks */,
				D5B5E20B29D37F64009782DF /* SideMenu in Frameworks */,
				D5BC398329DBBC8700FF3546 /* ChatGPTSwift in Frameworks */,
				D5A3C3AD298CC6C600772D1B /* Charts in Frameworks */,
			);
			runOnlyForDeploymentPostprocessing = 0;
		};
/* End PBXFrameworksBuildPhase section */

/* Begin PBXGroup section */
		D512E9962988A33D007B0D2F = {
			isa = PBXGroup;
			children = (
				D512E9A12988A33D007B0D2F /* Walk2N */,
				D512E9A02988A33D007B0D2F /* Products */,
				D5A3C38C298B8B8900772D1B /* Frameworks */,
			);
			sourceTree = "<group>";
		};
		D512E9A02988A33D007B0D2F /* Products */ = {
			isa = PBXGroup;
			children = (
				D512E99F2988A33D007B0D2F /* Walk2N.app */,
			);
			name = Products;
			sourceTree = "<group>";
		};
		D512E9A12988A33D007B0D2F /* Walk2N */ = {
			isa = PBXGroup;
			children = (
				D5BC397E29DB9ACC00FF3546 /* GPT Resources */,
				D5AD2B3F29B3EFCE005CB1EB /* ML models */,
				D5AD2B3D29B3EFB8005CB1EB /* Playground */,
				D5A3C396298C8F8E00772D1B /* Walk2N.entitlements */,
				D5A3C36E298B19EF00772D1B /* Resources */,
				D512E9CA2988E1B5007B0D2F /* Models */,
				D512E9A22988A33D007B0D2F /* AppDelegate.swift */,
				D512E9A42988A33D007B0D2F /* SceneDelegate.swift */,
				D512E9BC2988A4AC007B0D2F /* Controllers */,
				D512E9C42988C02A007B0D2F /* Constants.swift */,
				D512E9AB2988A33E007B0D2F /* Assets.xcassets */,
				D5A3C378298B1ABE00772D1B /* Views */,
				D512E9B02988A33E007B0D2F /* Info.plist */,
				D5B5E20429C170EA009782DF /* GoogleService-Info.plist */,
			);
			path = Walk2N;
			sourceTree = "<group>";
		};
		D512E9BC2988A4AC007B0D2F /* Controllers */ = {
			isa = PBXGroup;
			children = (
				D5BC399029DE2D0300FF3546 /* Meal Detail */,
				D5BE8C5B2995E17700ABA0D4 /* Modal */,
				D5A3C38F298C129600772D1B /* Collect Info */,
				D5A3C383298B1C2A00772D1B /* Auth */,
				D5A3C382298B1BF100772D1B /* Core Tabs */,
			);
			path = Controllers;
			sourceTree = "<group>";
		};
		D512E9CA2988E1B5007B0D2F /* Models */ = {
			isa = PBXGroup;
			children = (
				D512E9CB2988E1C5007B0D2F /* Shoe.swift */,
				D512E9CD2988E229007B0D2F /* User.swift */,
				D512E9CF2988E67E007B0D2F /* HistoricalStep.swift */,
				D597DF8829A2C0B500DF4D13 /* Bonus.swift */,
				D5CA906829A95F1E00C53B7B /* Alert.swift */,
				D5AD2B5329B5E16B005CB1EB /* WalkHist.swift */,
				D5BC398E29DE20DC00FF3546 /* Meal.swift */,
				D5BC399529E3265600FF3546 /* MealHist.swift */,
				D570FB3E29E4DDA2001157BA /* DietFilter.swift */,
			);
			path = Models;
			sourceTree = "<group>";
		};
		D53A7FBF2991EC69000220B9 /* Shoe Collection View Cell */ = {
			isa = PBXGroup;
			children = (
				D53A7FC02991EDBA000220B9 /* ShoeListCollectionViewCell.swift */,
				D53A7FC12991EDBA000220B9 /* ShoeListCollectionViewCell.xib */,
			);
			path = "Shoe Collection View Cell";
			sourceTree = "<group>";
		};
		D570FB3B29E4BEAA001157BA /* Dietary Filter */ = {
			isa = PBXGroup;
			children = (
				D570FB3C29E4BEC4001157BA /* DietaryFilterViewController.swift */,
			);
			path = "Dietary Filter";
			sourceTree = "<group>";
		};
		D597DF7C29976C6100DF4D13 /* Track run */ = {
			isa = PBXGroup;
			children = (
				D597DF7D29976CCA00DF4D13 /* TrackRunViewController.swift */,
				D597DF7F2997713F00DF4D13 /* Annotation.swift */,
				D597DF8329984B1300DF4D13 /* StepCounter.swift */,
				D5AD2B4029B542C1005CB1EB /* CountDownViewController.swift */,
				D5AD2B5129B5C2A7005CB1EB /* SaveRunViewController.swift */,
				D5AD2B5529B5ED9F005CB1EB /* WalkHistViewController.swift */,
				D5AD2B5729B5EFB7005CB1EB /* WalkHistCollectionViewCell.swift */,
				D5AD2B5829B5EFB7005CB1EB /* WalkHistCollectionViewCell.xib */,
			);
			path = "Track run";
			sourceTree = "<group>";
		};
		D597DF85299EF50A00DF4D13 /* Profile component */ = {
			isa = PBXGroup;
			children = (
				D5AD2B3A29B31CE0005CB1EB /* ProfileUserInfo.swift */,
				D597DF86299EF53D00DF4D13 /* ProfileTableViewCell.swift */,
			);
			path = "Profile component";
			sourceTree = "<group>";
		};
		D5A3C36E298B19EF00772D1B /* Resources */ = {
			isa = PBXGroup;
			children = (
				D5A3C397298C902E00772D1B /* HealthKitManager.swift */,
				D5A3C386298B30CF00772D1B /* DatabaseManager.swift */,
				D5A3C388298B316900772D1B /* AuthManager.swift */,
				D5A3C38A298B35E500772D1B /* UIExtension.swift */,
				D5631F9C29A6B842007E4678 /* GoalPredictManager.swift */,
				D5631FA029A70C3B007E4678 /* AlertPredictManager.swift */,
				D5CA908529ABEEA100C53B7B /* UpdateManager.swift */,
				D5BC397C29DAA90200FF3546 /* WaveView.swift */,
			);
			path = Resources;
			sourceTree = "<group>";
		};
		D5A3C378298B1ABE00772D1B /* Views */ = {
			isa = PBXGroup;
			children = (
				D5A3C379298B1AC700772D1B /* Storyboards */,
			);
			path = Views;
			sourceTree = "<group>";
		};
		D5A3C379298B1AC700772D1B /* Storyboards */ = {
			isa = PBXGroup;
			children = (
				D597DF782996DFA100DF4D13 /* Main.storyboard */,
				D512E9AD2988A33E007B0D2F /* LaunchScreen.storyboard */,
			);
			path = Storyboards;
			sourceTree = "<group>";
		};
		D5A3C382298B1BF100772D1B /* Core Tabs */ = {
			isa = PBXGroup;
			children = (
				D570FB3B29E4BEAA001157BA /* Dietary Filter */,
				D5B5E20129C157F2009782DF /* Calendar */,
				D597DF85299EF50A00DF4D13 /* Profile component */,
				D597DF7C29976C6100DF4D13 /* Track run */,
				D53A7FBF2991EC69000220B9 /* Shoe Collection View Cell */,
				D5A3C37C298B1BA700772D1B /* MainPageViewController.swift */,
				D5A3C37E298B1BC300772D1B /* HistoricalStepViewController.swift */,
				D5A3C380298B1BE000772D1B /* ProfileViewController.swift */,
				D53A7FC42991EE8D000220B9 /* ShoeStoreViewController.swift */,
				D5B5E20C29D39260009782DF /* NutritionalGuidanceViewController.swift */,
				D5B5E20F29D3C372009782DF /* CurrentSneakerViewController.swift */,
			);
			path = "Core Tabs";
			sourceTree = "<group>";
		};
		D5A3C383298B1C2A00772D1B /* Auth */ = {
			isa = PBXGroup;
			children = (
				D512E9B82988A480007B0D2F /* LoginViewController.swift */,
				D512E9B62988A468007B0D2F /* SignUpViewController.swift */,
				D566373029A8251800DE1B21 /* RoundedWhiteButton.swift */,
				D566373229A825B200DE1B21 /* MainMenuViewController.swift */,
			);
			path = Auth;
			sourceTree = "<group>";
		};
		D5A3C38C298B8B8900772D1B /* Frameworks */ = {
			isa = PBXGroup;
			children = (
				D597DF7A29976A4D00DF4D13 /* CoreLocation.framework */,
			);
			name = Frameworks;
			sourceTree = "<group>";
		};
		D5A3C38F298C129600772D1B /* Collect Info */ = {
			isa = PBXGroup;
			children = (
				D5A3C390298C12B600772D1B /* CollectInformationViewController.swift */,
				D530770829B7BC8700076184 /* UpdateViewController.swift */,
			);
			path = "Collect Info";
			sourceTree = "<group>";
		};
		D5AD2B3D29B3EFB8005CB1EB /* Playground */ = {
			isa = PBXGroup;
			children = (
				D5AD2B3E29B3EFC4005CB1EB /* walk2N.playground */,
			);
			path = Playground;
			sourceTree = "<group>";
		};
		D5AD2B3F29B3EFCE005CB1EB /* ML models */ = {
			isa = PBXGroup;
			children = (
				D5631F9A29A6B799007E4678 /* goal_predictor.mlmodel */,
				D5631F9E29A70958007E4678 /* alert_predictor.mlmodel */,
			);
			path = "ML models";
			sourceTree = "<group>";
		};
		D5B5E20129C157F2009782DF /* Calendar */ = {
			isa = PBXGroup;
			children = (
				D5B5E20229C1583D009782DF /* CalendarViewController.swift */,
			);
			path = Calendar;
			sourceTree = "<group>";
		};
		D5BC397E29DB9ACC00FF3546 /* GPT Resources */ = {
			isa = PBXGroup;
			children = (
				D5BC397F29DB9AE300FF3546 /* ChatgptApi.swift */,
				D5BC398429DCF1A100FF3546 /* ImageApi.swift */,
				D5BC399329DF5BA800FF3546 /* ApiKey.swift */,
			);
			path = "GPT Resources";
			sourceTree = "<group>";
		};
		D5BC399029DE2D0300FF3546 /* Meal Detail */ = {
			isa = PBXGroup;
			children = (
				D5BC399129DE2D1D00FF3546 /* MealDetailViewController.swift */,
			);
			path = "Meal Detail";
			sourceTree = "<group>";
		};
		D5BE8C5B2995E17700ABA0D4 /* Modal */ = {
			isa = PBXGroup;
			children = (
				D5A93D252996014200E12217 /* PopUpModalViewController.swift */,
				D5A93D27299602BA00E12217 /* PopUpModalCollectionViewCell.swift */,
				D5A93D28299602BA00E12217 /* PopUpModalCollectionViewCell.xib */,
				D5CA907F29A9751F00C53B7B /* AlertViewController.swift */,
				D5CA908129A9753800C53B7B /* AlertCollectionViewCell.swift */,
				D5CA908229A9753800C53B7B /* AlertCollectionViewCell.xib */,
			);
			path = Modal;
			sourceTree = "<group>";
		};
/* End PBXGroup section */

/* Begin PBXNativeTarget section */
		D512E99E2988A33D007B0D2F /* Walk2N */ = {
			isa = PBXNativeTarget;
			buildConfigurationList = D512E9B32988A33E007B0D2F /* Build configuration list for PBXNativeTarget "Walk2N" */;
			buildPhases = (
				D512E99B2988A33D007B0D2F /* Sources */,
				D512E99C2988A33D007B0D2F /* Frameworks */,
				D512E99D2988A33D007B0D2F /* Resources */,
			);
			buildRules = (
			);
			dependencies = (
			);
			name = Walk2N;
			packageProductDependencies = (
				D512E9C02988AB27007B0D2F /* FirebaseAuth */,
				D512E9C22988AB27007B0D2F /* FirebaseFirestore */,
				D5A3C38D298B8B8900772D1B /* FirebaseDatabase */,
				D5A3C3AC298CC6C600772D1B /* Charts */,
				D5BE8C592994781800ABA0D4 /* FirebaseFirestoreSwift */,
				D566373429A847D400DE1B21 /* FirebaseStorage */,
				D5B5E20729C17EB4009782DF /* FSCalendar */,
				D5B5E20A29D37F64009782DF /* SideMenu */,
				D5BC398229DBBC8700FF3546 /* ChatGPTSwift */,
				D5BC398A29DCF71300FF3546 /* OpenAI */,
				D5BC399829E3A3DA00FF3546 /* SwiftSpinner */,
			);
			productName = Walk2N;
			productReference = D512E99F2988A33D007B0D2F /* Walk2N.app */;
			productType = "com.apple.product-type.application";
		};
/* End PBXNativeTarget section */

/* Begin PBXProject section */
		D512E9972988A33D007B0D2F /* Project object */ = {
			isa = PBXProject;
			attributes = {
				BuildIndependentTargetsInParallel = 1;
				LastSwiftUpdateCheck = 1420;
				LastUpgradeCheck = 1420;
				TargetAttributes = {
					D512E99E2988A33D007B0D2F = {
						CreatedOnToolsVersion = 14.2;
					};
				};
			};
			buildConfigurationList = D512E99A2988A33D007B0D2F /* Build configuration list for PBXProject "Walk2N" */;
			compatibilityVersion = "Xcode 14.0";
			developmentRegion = en;
			hasScannedForEncodings = 0;
			knownRegions = (
				en,
				Base,
			);
			mainGroup = D512E9962988A33D007B0D2F;
			packageReferences = (
				D512E9BF2988AB27007B0D2F /* XCRemoteSwiftPackageReference "firebase-ios-sdk" */,
				D5A3C3AB298CC6C600772D1B /* XCRemoteSwiftPackageReference "Charts" */,
				D5CA907429A96F2000C53B7B /* XCRemoteSwiftPackageReference "iOSDropDown" */,
				D5B5E20629C17EB4009782DF /* XCRemoteSwiftPackageReference "FSCalendar" */,
				D5B5E20929D37F64009782DF /* XCRemoteSwiftPackageReference "SideMenu" */,
				D5BC398129DBBC8700FF3546 /* XCRemoteSwiftPackageReference "ChatGPTSwift" */,
				D5BC398929DCF71300FF3546 /* XCRemoteSwiftPackageReference "OpenAI" */,
				D5BC399729E3A3DA00FF3546 /* XCRemoteSwiftPackageReference "SwiftSpinner" */,
			);
			productRefGroup = D512E9A02988A33D007B0D2F /* Products */;
			projectDirPath = "";
			projectRoot = "";
			targets = (
				D512E99E2988A33D007B0D2F /* Walk2N */,
			);
		};
/* End PBXProject section */

/* Begin PBXResourcesBuildPhase section */
		D512E99D2988A33D007B0D2F /* Resources */ = {
			isa = PBXResourcesBuildPhase;
			buildActionMask = 2147483647;
			files = (
				D5A93D2A299602BA00E12217 /* PopUpModalCollectionViewCell.xib in Resources */,
				D5B5E20529C170EA009782DF /* GoogleService-Info.plist in Resources */,
				D5CA908429A9753800C53B7B /* AlertCollectionViewCell.xib in Resources */,
				D512E9AF2988A33E007B0D2F /* LaunchScreen.storyboard in Resources */,
				D53A7FC32991EDBA000220B9 /* ShoeListCollectionViewCell.xib in Resources */,
				D597DF792996DFA100DF4D13 /* Main.storyboard in Resources */,
				D5AD2B5A29B5EFB7005CB1EB /* WalkHistCollectionViewCell.xib in Resources */,
				D512E9AC2988A33E007B0D2F /* Assets.xcassets in Resources */,
			);
			runOnlyForDeploymentPostprocessing = 0;
		};
/* End PBXResourcesBuildPhase section */

/* Begin PBXSourcesBuildPhase section */
		D512E99B2988A33D007B0D2F /* Sources */ = {
			isa = PBXSourcesBuildPhase;
			buildActionMask = 2147483647;
			files = (
				D5AD2B5929B5EFB7005CB1EB /* WalkHistCollectionViewCell.swift in Sources */,
				D5BC399429DF5BA800FF3546 /* ApiKey.swift in Sources */,
				D5A3C37D298B1BA700772D1B /* MainPageViewController.swift in Sources */,
				D5A3C389298B316900772D1B /* AuthManager.swift in Sources */,
				D53A7FC22991EDBA000220B9 /* ShoeListCollectionViewCell.swift in Sources */,
				D5631F9F29A70958007E4678 /* alert_predictor.mlmodel in Sources */,
				D530770929B7BC8700076184 /* UpdateViewController.swift in Sources */,
				D5B5E20D29D39260009782DF /* NutritionalGuidanceViewController.swift in Sources */,
				D5631FA129A70C3B007E4678 /* AlertPredictManager.swift in Sources */,
				D512E9A32988A33D007B0D2F /* AppDelegate.swift in Sources */,
				D5A3C387298B30D000772D1B /* DatabaseManager.swift in Sources */,
				D5CA908029A9751F00C53B7B /* AlertViewController.swift in Sources */,
				D5CA908629ABEEA100C53B7B /* UpdateManager.swift in Sources */,
				D5A3C38B298B35E500772D1B /* UIExtension.swift in Sources */,
				D597DF7E29976CCA00DF4D13 /* TrackRunViewController.swift in Sources */,
				D5631F9B29A6B799007E4678 /* goal_predictor.mlmodel in Sources */,
				D597DF8429984B1300DF4D13 /* StepCounter.swift in Sources */,
				D566373129A8251800DE1B21 /* RoundedWhiteButton.swift in Sources */,
				D5AD2B4129B542C1005CB1EB /* CountDownViewController.swift in Sources */,
				D5B5E21029D3C372009782DF /* CurrentSneakerViewController.swift in Sources */,
				D53A7FC52991EE8D000220B9 /* ShoeStoreViewController.swift in Sources */,
				D5A3C37F298B1BC300772D1B /* HistoricalStepViewController.swift in Sources */,
				D5BC397D29DAA90200FF3546 /* WaveView.swift in Sources */,
				D512E9B72988A468007B0D2F /* SignUpViewController.swift in Sources */,
				D512E9B92988A480007B0D2F /* LoginViewController.swift in Sources */,
				D5A3C398298C902E00772D1B /* HealthKitManager.swift in Sources */,
				D5631F9D29A6B842007E4678 /* GoalPredictManager.swift in Sources */,
				D5AD2B5629B5ED9F005CB1EB /* WalkHistViewController.swift in Sources */,
				D5A3C381298B1BE000772D1B /* ProfileViewController.swift in Sources */,
				D5A93D29299602BA00E12217 /* PopUpModalCollectionViewCell.swift in Sources */,
				D597DF802997713F00DF4D13 /* Annotation.swift in Sources */,
				D5BC398F29DE20DC00FF3546 /* Meal.swift in Sources */,
				D512E9CC2988E1C5007B0D2F /* Shoe.swift in Sources */,
				D566373329A825B200DE1B21 /* MainMenuViewController.swift in Sources */,
				D5AD2B5429B5E16B005CB1EB /* WalkHist.swift in Sources */,
				D512E9CE2988E229007B0D2F /* User.swift in Sources */,
				D597DF8929A2C0B500DF4D13 /* Bonus.swift in Sources */,
				D512E9C52988C02A007B0D2F /* Constants.swift in Sources */,
				D512E9A52988A33D007B0D2F /* SceneDelegate.swift in Sources */,
				D570FB3F29E4DDA2001157BA /* DietFilter.swift in Sources */,
				D5BC399229DE2D1D00FF3546 /* MealDetailViewController.swift in Sources */,
				D570FB3D29E4BEC4001157BA /* DietaryFilterViewController.swift in Sources */,
				D5A93D262996014200E12217 /* PopUpModalViewController.swift in Sources */,
				D5BC398529DCF1A100FF3546 /* ImageApi.swift in Sources */,
				D5CA908329A9753800C53B7B /* AlertCollectionViewCell.swift in Sources */,
				D5AD2B3B29B31CE0005CB1EB /* ProfileUserInfo.swift in Sources */,
				D5BC398029DB9AE300FF3546 /* ChatgptApi.swift in Sources */,
				D5B5E20329C1583D009782DF /* CalendarViewController.swift in Sources */,
				D5AD2B5229B5C2A7005CB1EB /* SaveRunViewController.swift in Sources */,
				D5A3C391298C12B600772D1B /* CollectInformationViewController.swift in Sources */,
				D5BC399629E3265600FF3546 /* MealHist.swift in Sources */,
				D597DF87299EF53D00DF4D13 /* ProfileTableViewCell.swift in Sources */,
				D5CA906929A95F1E00C53B7B /* Alert.swift in Sources */,
				D512E9D02988E67E007B0D2F /* HistoricalStep.swift in Sources */,
			);
			runOnlyForDeploymentPostprocessing = 0;
		};
/* End PBXSourcesBuildPhase section */

/* Begin PBXVariantGroup section */
		D512E9AD2988A33E007B0D2F /* LaunchScreen.storyboard */ = {
			isa = PBXVariantGroup;
			children = (
				D512E9AE2988A33E007B0D2F /* Base */,
			);
			name = LaunchScreen.storyboard;
			sourceTree = "<group>";
		};
/* End PBXVariantGroup section */

/* Begin XCBuildConfiguration section */
		D512E9B12988A33E007B0D2F /* Debug */ = {
			isa = XCBuildConfiguration;
			buildSettings = {
				ALWAYS_SEARCH_USER_PATHS = NO;
				CLANG_ANALYZER_NONNULL = YES;
				CLANG_ANALYZER_NUMBER_OBJECT_CONVERSION = YES_AGGRESSIVE;
				CLANG_CXX_LANGUAGE_STANDARD = "gnu++20";
				CLANG_ENABLE_MODULES = YES;
				CLANG_ENABLE_OBJC_ARC = YES;
				CLANG_ENABLE_OBJC_WEAK = YES;
				CLANG_WARN_BLOCK_CAPTURE_AUTORELEASING = YES;
				CLANG_WARN_BOOL_CONVERSION = YES;
				CLANG_WARN_COMMA = YES;
				CLANG_WARN_CONSTANT_CONVERSION = YES;
				CLANG_WARN_DEPRECATED_OBJC_IMPLEMENTATIONS = YES;
				CLANG_WARN_DIRECT_OBJC_ISA_USAGE = YES_ERROR;
				CLANG_WARN_DOCUMENTATION_COMMENTS = YES;
				CLANG_WARN_EMPTY_BODY = YES;
				CLANG_WARN_ENUM_CONVERSION = YES;
				CLANG_WARN_INFINITE_RECURSION = YES;
				CLANG_WARN_INT_CONVERSION = YES;
				CLANG_WARN_NON_LITERAL_NULL_CONVERSION = YES;
				CLANG_WARN_OBJC_IMPLICIT_RETAIN_SELF = YES;
				CLANG_WARN_OBJC_LITERAL_CONVERSION = YES;
				CLANG_WARN_OBJC_ROOT_CLASS = YES_ERROR;
				CLANG_WARN_QUOTED_INCLUDE_IN_FRAMEWORK_HEADER = YES;
				CLANG_WARN_RANGE_LOOP_ANALYSIS = YES;
				CLANG_WARN_STRICT_PROTOTYPES = YES;
				CLANG_WARN_SUSPICIOUS_MOVE = YES;
				CLANG_WARN_UNGUARDED_AVAILABILITY = YES_AGGRESSIVE;
				CLANG_WARN_UNREACHABLE_CODE = YES;
				CLANG_WARN__DUPLICATE_METHOD_MATCH = YES;
				COPY_PHASE_STRIP = NO;
				DEBUG_INFORMATION_FORMAT = dwarf;
				ENABLE_STRICT_OBJC_MSGSEND = YES;
				ENABLE_TESTABILITY = YES;
				GCC_C_LANGUAGE_STANDARD = gnu11;
				GCC_DYNAMIC_NO_PIC = NO;
				GCC_NO_COMMON_BLOCKS = YES;
				GCC_OPTIMIZATION_LEVEL = 0;
				GCC_PREPROCESSOR_DEFINITIONS = (
					"DEBUG=1",
					"$(inherited)",
				);
				GCC_WARN_64_TO_32_BIT_CONVERSION = YES;
				GCC_WARN_ABOUT_RETURN_TYPE = YES_ERROR;
				GCC_WARN_UNDECLARED_SELECTOR = YES;
				GCC_WARN_UNINITIALIZED_AUTOS = YES_AGGRESSIVE;
				GCC_WARN_UNUSED_FUNCTION = YES;
				GCC_WARN_UNUSED_VARIABLE = YES;
				IPHONEOS_DEPLOYMENT_TARGET = 16.2;
				MTL_ENABLE_DEBUG_INFO = INCLUDE_SOURCE;
				MTL_FAST_MATH = YES;
				ONLY_ACTIVE_ARCH = YES;
				SDKROOT = iphoneos;
				SWIFT_ACTIVE_COMPILATION_CONDITIONS = DEBUG;
				SWIFT_OPTIMIZATION_LEVEL = "-Onone";
			};
			name = Debug;
		};
		D512E9B22988A33E007B0D2F /* Release */ = {
			isa = XCBuildConfiguration;
			buildSettings = {
				ALWAYS_SEARCH_USER_PATHS = NO;
				CLANG_ANALYZER_NONNULL = YES;
				CLANG_ANALYZER_NUMBER_OBJECT_CONVERSION = YES_AGGRESSIVE;
				CLANG_CXX_LANGUAGE_STANDARD = "gnu++20";
				CLANG_ENABLE_MODULES = YES;
				CLANG_ENABLE_OBJC_ARC = YES;
				CLANG_ENABLE_OBJC_WEAK = YES;
				CLANG_WARN_BLOCK_CAPTURE_AUTORELEASING = YES;
				CLANG_WARN_BOOL_CONVERSION = YES;
				CLANG_WARN_COMMA = YES;
				CLANG_WARN_CONSTANT_CONVERSION = YES;
				CLANG_WARN_DEPRECATED_OBJC_IMPLEMENTATIONS = YES;
				CLANG_WARN_DIRECT_OBJC_ISA_USAGE = YES_ERROR;
				CLANG_WARN_DOCUMENTATION_COMMENTS = YES;
				CLANG_WARN_EMPTY_BODY = YES;
				CLANG_WARN_ENUM_CONVERSION = YES;
				CLANG_WARN_INFINITE_RECURSION = YES;
				CLANG_WARN_INT_CONVERSION = YES;
				CLANG_WARN_NON_LITERAL_NULL_CONVERSION = YES;
				CLANG_WARN_OBJC_IMPLICIT_RETAIN_SELF = YES;
				CLANG_WARN_OBJC_LITERAL_CONVERSION = YES;
				CLANG_WARN_OBJC_ROOT_CLASS = YES_ERROR;
				CLANG_WARN_QUOTED_INCLUDE_IN_FRAMEWORK_HEADER = YES;
				CLANG_WARN_RANGE_LOOP_ANALYSIS = YES;
				CLANG_WARN_STRICT_PROTOTYPES = YES;
				CLANG_WARN_SUSPICIOUS_MOVE = YES;
				CLANG_WARN_UNGUARDED_AVAILABILITY = YES_AGGRESSIVE;
				CLANG_WARN_UNREACHABLE_CODE = YES;
				CLANG_WARN__DUPLICATE_METHOD_MATCH = YES;
				COPY_PHASE_STRIP = NO;
				DEBUG_INFORMATION_FORMAT = "dwarf-with-dsym";
				ENABLE_NS_ASSERTIONS = NO;
				ENABLE_STRICT_OBJC_MSGSEND = YES;
				GCC_C_LANGUAGE_STANDARD = gnu11;
				GCC_NO_COMMON_BLOCKS = YES;
				GCC_WARN_64_TO_32_BIT_CONVERSION = YES;
				GCC_WARN_ABOUT_RETURN_TYPE = YES_ERROR;
				GCC_WARN_UNDECLARED_SELECTOR = YES;
				GCC_WARN_UNINITIALIZED_AUTOS = YES_AGGRESSIVE;
				GCC_WARN_UNUSED_FUNCTION = YES;
				GCC_WARN_UNUSED_VARIABLE = YES;
				IPHONEOS_DEPLOYMENT_TARGET = 16.2;
				MTL_ENABLE_DEBUG_INFO = NO;
				MTL_FAST_MATH = YES;
				SDKROOT = iphoneos;
				SWIFT_COMPILATION_MODE = wholemodule;
				SWIFT_OPTIMIZATION_LEVEL = "-O";
				VALIDATE_PRODUCT = YES;
			};
			name = Release;
		};
		D512E9B42988A33E007B0D2F /* Debug */ = {
			isa = XCBuildConfiguration;
			buildSettings = {
				ASSETCATALOG_COMPILER_APPICON_NAME = AppIcon;
				ASSETCATALOG_COMPILER_GLOBAL_ACCENT_COLOR_NAME = AccentColor;
				CODE_SIGN_ENTITLEMENTS = Walk2N/Walk2N.entitlements;
				CODE_SIGN_STYLE = Automatic;
				CURRENT_PROJECT_VERSION = 1;
				DEVELOPMENT_TEAM = NLUG78M5NL;
				GENERATE_INFOPLIST_FILE = YES;
				INFOPLIST_FILE = Walk2N/Info.plist;
				INFOPLIST_KEY_LSApplicationCategoryType = "";
				INFOPLIST_KEY_NSHealthShareUsageDescription = "Need access to share health statistics";
				INFOPLIST_KEY_NSLocationAlwaysAndWhenInUseUsageDescription = "Need access to location";
				INFOPLIST_KEY_NSLocationAlwaysUsageDescription = "Allow location";
				INFOPLIST_KEY_NSLocationWhenInUseUsageDescription = "Need access to location";
				INFOPLIST_KEY_NSMotionUsageDescription = "Please allow for counting the steps";
				INFOPLIST_KEY_UIApplicationSupportsIndirectInputEvents = YES;
				INFOPLIST_KEY_UILaunchStoryboardName = LaunchScreen;
				INFOPLIST_KEY_UIMainStoryboardFile = Main;
				INFOPLIST_KEY_UISupportedInterfaceOrientations = UIInterfaceOrientationPortrait;
				LD_RUNPATH_SEARCH_PATHS = (
					"$(inherited)",
					"@executable_path/Frameworks",
				);
				MARKETING_VERSION = 1.0;
				PRODUCT_BUNDLE_IDENTIFIER = cs205.Walk2N.V2;
				PRODUCT_NAME = "$(TARGET_NAME)";
				SWIFT_EMIT_LOC_STRINGS = YES;
				SWIFT_VERSION = 5.0;
				TARGETED_DEVICE_FAMILY = "1,2";
			};
			name = Debug;
		};
		D512E9B52988A33E007B0D2F /* Release */ = {
			isa = XCBuildConfiguration;
			buildSettings = {
				ASSETCATALOG_COMPILER_APPICON_NAME = AppIcon;
				ASSETCATALOG_COMPILER_GLOBAL_ACCENT_COLOR_NAME = AccentColor;
				CODE_SIGN_ENTITLEMENTS = Walk2N/Walk2N.entitlements;
				CODE_SIGN_STYLE = Automatic;
				CURRENT_PROJECT_VERSION = 1;
				DEVELOPMENT_TEAM = NLUG78M5NL;
				GENERATE_INFOPLIST_FILE = YES;
				INFOPLIST_FILE = Walk2N/Info.plist;
				INFOPLIST_KEY_LSApplicationCategoryType = "";
				INFOPLIST_KEY_NSHealthShareUsageDescription = "Need access to share health statistics";
				INFOPLIST_KEY_NSLocationAlwaysAndWhenInUseUsageDescription = "Need access to location";
				INFOPLIST_KEY_NSLocationAlwaysUsageDescription = "Allow location";
				INFOPLIST_KEY_NSLocationWhenInUseUsageDescription = "Need access to location";
				INFOPLIST_KEY_NSMotionUsageDescription = "Please allow for counting the steps";
				INFOPLIST_KEY_UIApplicationSupportsIndirectInputEvents = YES;
				INFOPLIST_KEY_UILaunchStoryboardName = LaunchScreen;
				INFOPLIST_KEY_UIMainStoryboardFile = Main;
				INFOPLIST_KEY_UISupportedInterfaceOrientations = UIInterfaceOrientationPortrait;
				LD_RUNPATH_SEARCH_PATHS = (
					"$(inherited)",
					"@executable_path/Frameworks",
				);
				MARKETING_VERSION = 1.0;
				PRODUCT_BUNDLE_IDENTIFIER = cs205.Walk2N.V2;
				PRODUCT_NAME = "$(TARGET_NAME)";
				SWIFT_EMIT_LOC_STRINGS = YES;
				SWIFT_VERSION = 5.0;
				TARGETED_DEVICE_FAMILY = "1,2";
			};
			name = Release;
		};
/* End XCBuildConfiguration section */

/* Begin XCConfigurationList section */
		D512E99A2988A33D007B0D2F /* Build configuration list for PBXProject "Walk2N" */ = {
			isa = XCConfigurationList;
			buildConfigurations = (
				D512E9B12988A33E007B0D2F /* Debug */,
				D512E9B22988A33E007B0D2F /* Release */,
			);
			defaultConfigurationIsVisible = 0;
			defaultConfigurationName = Release;
		};
		D512E9B32988A33E007B0D2F /* Build configuration list for PBXNativeTarget "Walk2N" */ = {
			isa = XCConfigurationList;
			buildConfigurations = (
				D512E9B42988A33E007B0D2F /* Debug */,
				D512E9B52988A33E007B0D2F /* Release */,
			);
			defaultConfigurationIsVisible = 0;
			defaultConfigurationName = Release;
		};
/* End XCConfigurationList section */

/* Begin XCRemoteSwiftPackageReference section */
		D512E9BF2988AB27007B0D2F /* XCRemoteSwiftPackageReference "firebase-ios-sdk" */ = {
			isa = XCRemoteSwiftPackageReference;
			repositoryURL = "https://github.com/firebase/firebase-ios-sdk";
			requirement = {
				branch = master;
				kind = branch;
			};
		};
		D5A3C3AB298CC6C600772D1B /* XCRemoteSwiftPackageReference "Charts" */ = {
			isa = XCRemoteSwiftPackageReference;
			repositoryURL = "https://github.com/danielgindi/Charts.git";
			requirement = {
				kind = upToNextMajorVersion;
				minimumVersion = 4.1.0;
			};
		};
		D5B5E20629C17EB4009782DF /* XCRemoteSwiftPackageReference "FSCalendar" */ = {
			isa = XCRemoteSwiftPackageReference;
			repositoryURL = "https://github.com/WenchaoD/FSCalendar.git";
			requirement = {
				branch = master;
				kind = branch;
			};
		};
		D5B5E20929D37F64009782DF /* XCRemoteSwiftPackageReference "SideMenu" */ = {
			isa = XCRemoteSwiftPackageReference;
			repositoryURL = "https://github.com/jonkykong/SideMenu";
			requirement = {
				kind = upToNextMajorVersion;
				minimumVersion = 6.0.0;
			};
		};
		D5BC398129DBBC8700FF3546 /* XCRemoteSwiftPackageReference "ChatGPTSwift" */ = {
			isa = XCRemoteSwiftPackageReference;
			repositoryURL = "https://github.com/alfianlosari/ChatGPTSwift.git";
			requirement = {
				kind = upToNextMajorVersion;
				minimumVersion = 1.0.0;
			};
		};
		D5BC398929DCF71300FF3546 /* XCRemoteSwiftPackageReference "OpenAI" */ = {
			isa = XCRemoteSwiftPackageReference;
			repositoryURL = "https://github.com/MacPaw/OpenAI.git";
			requirement = {
				branch = main;
				kind = branch;
			};
		};
		D5BC399729E3A3DA00FF3546 /* XCRemoteSwiftPackageReference "SwiftSpinner" */ = {
			isa = XCRemoteSwiftPackageReference;
			repositoryURL = "https://github.com/icanzilb/SwiftSpinner.git";
			requirement = {
				kind = upToNextMajorVersion;
				minimumVersion = 2.0.0;
			};
		};
		D5CA907429A96F2000C53B7B /* XCRemoteSwiftPackageReference "iOSDropDown" */ = {
			isa = XCRemoteSwiftPackageReference;
			repositoryURL = "https://github.com/jriosdev/iOSDropDown.git";
			requirement = {
				kind = upToNextMajorVersion;
				minimumVersion = 0.4.0;
			};
		};
/* End XCRemoteSwiftPackageReference section */

/* Begin XCSwiftPackageProductDependency section */
		D512E9C02988AB27007B0D2F /* FirebaseAuth */ = {
			isa = XCSwiftPackageProductDependency;
			package = D512E9BF2988AB27007B0D2F /* XCRemoteSwiftPackageReference "firebase-ios-sdk" */;
			productName = FirebaseAuth;
		};
		D512E9C22988AB27007B0D2F /* FirebaseFirestore */ = {
			isa = XCSwiftPackageProductDependency;
			package = D512E9BF2988AB27007B0D2F /* XCRemoteSwiftPackageReference "firebase-ios-sdk" */;
			productName = FirebaseFirestore;
		};
		D566373429A847D400DE1B21 /* FirebaseStorage */ = {
			isa = XCSwiftPackageProductDependency;
			package = D512E9BF2988AB27007B0D2F /* XCRemoteSwiftPackageReference "firebase-ios-sdk" */;
			productName = FirebaseStorage;
		};
		D5A3C38D298B8B8900772D1B /* FirebaseDatabase */ = {
			isa = XCSwiftPackageProductDependency;
			package = D512E9BF2988AB27007B0D2F /* XCRemoteSwiftPackageReference "firebase-ios-sdk" */;
			productName = FirebaseDatabase;
		};
		D5A3C3AC298CC6C600772D1B /* Charts */ = {
			isa = XCSwiftPackageProductDependency;
			package = D5A3C3AB298CC6C600772D1B /* XCRemoteSwiftPackageReference "Charts" */;
			productName = Charts;
		};
		D5B5E20729C17EB4009782DF /* FSCalendar */ = {
			isa = XCSwiftPackageProductDependency;
			package = D5B5E20629C17EB4009782DF /* XCRemoteSwiftPackageReference "FSCalendar" */;
			productName = FSCalendar;
		};
		D5B5E20A29D37F64009782DF /* SideMenu */ = {
			isa = XCSwiftPackageProductDependency;
			package = D5B5E20929D37F64009782DF /* XCRemoteSwiftPackageReference "SideMenu" */;
			productName = SideMenu;
		};
		D5BC398229DBBC8700FF3546 /* ChatGPTSwift */ = {
			isa = XCSwiftPackageProductDependency;
			package = D5BC398129DBBC8700FF3546 /* XCRemoteSwiftPackageReference "ChatGPTSwift" */;
			productName = ChatGPTSwift;
		};
		D5BC398A29DCF71300FF3546 /* OpenAI */ = {
			isa = XCSwiftPackageProductDependency;
			package = D5BC398929DCF71300FF3546 /* XCRemoteSwiftPackageReference "OpenAI" */;
			productName = OpenAI;
		};
		D5BC399829E3A3DA00FF3546 /* SwiftSpinner */ = {
			isa = XCSwiftPackageProductDependency;
			package = D5BC399729E3A3DA00FF3546 /* XCRemoteSwiftPackageReference "SwiftSpinner" */;
			productName = SwiftSpinner;
		};
		D5BE8C592994781800ABA0D4 /* FirebaseFirestoreSwift */ = {
			isa = XCSwiftPackageProductDependency;
			package = D512E9BF2988AB27007B0D2F /* XCRemoteSwiftPackageReference "firebase-ios-sdk" */;
			productName = FirebaseFirestoreSwift;
		};
/* End XCSwiftPackageProductDependency section */
	};
	rootObject = D512E9972988A33D007B0D2F /* Project object */;
}
